version = 1
revision = 3
requires-python = ">=3.14"

[[package]]
name = "diapositive"
version = "0.0.0"
source = { editable = "." }
dependencies = [
    { name = "jinja2" },
    { name = "pillow" },
    { name = "python-hcl2" },
]

[package.metadata]
requires-dist = [
    { name = "jinja2", specifier = ">=3.1.4" },
    { name = "pillow", specifier = ">=11.0.0" },
    { name = "python-hcl2", specifier = ">=6.1.0" },
]

[[package]]
name = "jinja2"
version = "3.1.4"
source = { registry = "https://pypi.org/simple" }
dependencies = [
    { name = "markupsafe" },
]
sdist = { url = "https://files.pythonhosted.org/packages/ed/55/39036716d19cab0747a5020fc7e907f362fbf48c984b14e62127f7e68e5d/jinja2-3.1.4.tar.gz", hash = "sha256:4a3aee7acbbe7303aede8e9648d13b8bf88a429282aa6122a993f0ac800cb369", size = 240245, upload-time = "2024-05-05T23:42:02.455Z" }
wheels = [
    { url = "https://files.pythonhosted.org/packages/31/80/3a54838c3fb461f6fec263ebf3a3a41771bd05190238de3486aae8540c36/jinja2-3.1.4-py3-none-any.whl", hash = "sha256:bc5dd2abb727a5319567b7a813e6a2e7318c39f4f487cfe6c89c6f9c7d25197d", size = 133271, upload-time = "2024-05-05T23:41:59.928Z" },
]

[[package]]
name = "lark"
version = "1.2.2"
source = { registry = "https://pypi.org/simple" }
sdist = { url = "https://files.pythonhosted.org/packages/af/60/bc7622aefb2aee1c0b4ba23c1446d3e30225c8770b38d7aedbfb65ca9d5a/lark-1.2.2.tar.gz", hash = "sha256:ca807d0162cd16cef15a8feecb862d7319e7a09bdb13aef927968e45040fed80", size = 252132, upload-time = "2024-08-13T19:49:00.652Z" }
wheels = [
    { url = "https://files.pythonhosted.org/packages/2d/00/d90b10b962b4277f5e64a78b6609968859ff86889f5b898c1a778c06ec00/lark-1.2.2-py3-none-any.whl", hash = "sha256:c2276486b02f0f1b90be155f2c8ba4a8e194d42775786db622faccd652d8e80c", size = 111036, upload-time = "2024-08-13T19:48:58.603Z" },
]

[[package]]
name = "markupsafe"
version = "3.0.2"
source = { registry = "https://pypi.org/simple" }
sdist = { url = "https://files.pythonhosted.org/packages/b2/97/5d42485e71dfc078108a86d6de8fa46db44a1a9295e89c5d6d4a06e23a62/markupsafe-3.0.2.tar.gz", hash = "sha256:ee55d3edf80167e48ea11a923c7386f4669df67d7994554387f84e7d8b0a2bf0", size = 20537, upload-time = "2024-10-18T15:21:54.129Z" }

[[package]]
name = "pillow"
version = "11.0.0"
source = { registry = "https://pypi.org/simple" }
sdist = { url = "https://files.pythonhosted.org/packages/a5/26/0d95c04c868f6bdb0c447e3ee2de5564411845e36a858cfd63766bc7b563/pillow-11.0.0.tar.gz", hash = "sha256:72bacbaf24ac003fea9bff9837d1eedb6088758d41e100c1552930151f677739", size = 46737780, upload-time = "2024-10-15T14:24:29.672Z" }

[[package]]
name = "python-hcl2"
version = "6.1.0"
source = { registry = "https://pypi.org/simple" }
dependencies = [
    { name = "lark" },
]
sdist = { url = "https://files.pythonhosted.org/packages/5d/59/881b1644b748079c01d51b6c422cd625802c7690c34ff59660433295c88d/python-hcl2-6.1.0.tar.gz", hash = "sha256:c06c0547e731dcb2453d68470a0f1e38869d6b5115a833e44c50d7083ce2423e", size = 30741, upload-time = "2025-01-24T11:59:45.084Z" }
wheels = [
    { url = "https://files.pythonhosted.org/packages/d6/61/89df286726599f6839757f312cf42ed9178f3617ebb94480514cca416200/python_hcl2-6.1.0-py3-none-any.whl", hash = "sha256:6ee4bbaf9abf813e65fbcad514278d387d0a3d57e53dd16c413154e6989b0d71", size = 20550, upload-time = "2025-01-24T11:59:43.266Z" },
]
